// !$*UTF8*$!
{
	archiveVersion = 1;
	classes = {
	};
	objectVersion = 50;
	objects = {

/* Begin PBXBuildFile section */
		5095B4DB24C392E700A4483C /* AppDelegate.swift in Sources */ = {isa = PBXBuildFile; fileRef = 5095B4DA24C392E700A4483C /* AppDelegate.swift */; };
		5095B4DD24C392E700A4483C /* ContentView.swift in Sources */ = {isa = PBXBuildFile; fileRef = 5095B4DC24C392E700A4483C /* ContentView.swift */; };
		5095B4E024C392E700A4483C /* barber.xcdatamodeld in Sources */ = {isa = PBXBuildFile; fileRef = 5095B4DE24C392E700A4483C /* barber.xcdatamodeld */; };
		5095B4E224C392ED00A4483C /* Assets.xcassets in Resources */ = {isa = PBXBuildFile; fileRef = 5095B4E124C392ED00A4483C /* Assets.xcassets */; };
		5095B4E524C392ED00A4483C /* Preview Assets.xcassets in Resources */ = {isa = PBXBuildFile; fileRef = 5095B4E424C392ED00A4483C /* Preview Assets.xcassets */; };
		5095B4E824C392ED00A4483C /* Main.storyboard in Resources */ = {isa = PBXBuildFile; fileRef = 5095B4E624C392ED00A4483C /* Main.storyboard */; };
		50FE66D726517FA4003B0B90 /* mock-data in Resources */ = {isa = PBXBuildFile; fileRef = 50FE66D626517FA4003B0B90 /* mock-data */; };
		50FE66DA26517FD4003B0B90 /* Homebrew.swift in Sources */ = {isa = PBXBuildFile; fileRef = 50FE66D926517FD4003B0B90 /* Homebrew.swift */; };
		50FE66DD2651863A003B0B90 /* OutdatedView.swift in Sources */ = {isa = PBXBuildFile; fileRef = 50FE66DC2651863A003B0B90 /* OutdatedView.swift */; };
/* End PBXBuildFile section */

/* Begin PBXFileReference section */
		5095B4D724C392E700A4483C /* barber.app */ = {isa = PBXFileReference; explicitFileType = wrapper.application; includeInIndex = 0; path = barber.app; sourceTree = BUILT_PRODUCTS_DIR; };
		5095B4DA24C392E700A4483C /* AppDelegate.swift */ = {isa = PBXFileReference; lastKnownFileType = sourcecode.swift; path = AppDelegate.swift; sourceTree = "<group>"; };
		5095B4DC24C392E700A4483C /* ContentView.swift */ = {isa = PBXFileReference; lastKnownFileType = sourcecode.swift; path = ContentView.swift; sourceTree = "<group>"; };
		5095B4DF24C392E700A4483C /* barber.xcdatamodel */ = {isa = PBXFileReference; lastKnownFileType = wrapper.xcdatamodel; path = barber.xcdatamodel; sourceTree = "<group>"; };
		5095B4E124C392ED00A4483C /* Assets.xcassets */ = {isa = PBXFileReference; lastKnownFileType = folder.assetcatalog; path = Assets.xcassets; sourceTree = "<group>"; };
		5095B4E424C392ED00A4483C /* Preview Assets.xcassets */ = {isa = PBXFileReference; lastKnownFileType = folder.assetcatalog; path = "Preview Assets.xcassets"; sourceTree = "<group>"; };
		5095B4E724C392ED00A4483C /* Base */ = {isa = PBXFileReference; lastKnownFileType = file.storyboard; name = Base; path = Base.lproj/Main.storyboard; sourceTree = "<group>"; };
		5095B4E924C392ED00A4483C /* Info.plist */ = {isa = PBXFileReference; lastKnownFileType = text.plist.xml; path = Info.plist; sourceTree = "<group>"; };
		5095B4EA24C392ED00A4483C /* barber.entitlements */ = {isa = PBXFileReference; lastKnownFileType = text.plist.entitlements; path = barber.entitlements; sourceTree = "<group>"; };
		50FE66D626517FA4003B0B90 /* mock-data */ = {isa = PBXFileReference; lastKnownFileType = folder; path = "mock-data"; sourceTree = "<group>"; };
		50FE66D926517FD4003B0B90 /* Homebrew.swift */ = {isa = PBXFileReference; lastKnownFileType = sourcecode.swift; path = Homebrew.swift; sourceTree = "<group>"; };
		50FE66DC2651863A003B0B90 /* OutdatedView.swift */ = {isa = PBXFileReference; lastKnownFileType = sourcecode.swift; path = OutdatedView.swift; sourceTree = "<group>"; };
/* End PBXFileReference section */

/* Begin PBXFrameworksBuildPhase section */
		5095B4D424C392E700A4483C /* Frameworks */ = {
			isa = PBXFrameworksBuildPhase;
			buildActionMask = 2147483647;
			files = (
			);
			runOnlyForDeploymentPostprocessing = 0;
		};
/* End PBXFrameworksBuildPhase section */

/* Begin PBXGroup section */
		5033B3082651C875002810FD /* Views */ = {
			isa = PBXGroup;
			children = (
				50FE66DC2651863A003B0B90 /* OutdatedView.swift */,
			);
			path = Views;
			sourceTree = "<group>";
		};
		5095B4CE24C392E700A4483C = {
			isa = PBXGroup;
			children = (
				5095B4D924C392E700A4483C /* barber */,
				5095B4D824C392E700A4483C /* Products */,
			);
			sourceTree = "<group>";
		};
		5095B4D824C392E700A4483C /* Products */ = {
			isa = PBXGroup;
			children = (
				5095B4D724C392E700A4483C /* barber.app */,
			);
			name = Products;
			sourceTree = "<group>";
		};
		5095B4D924C392E700A4483C /* barber */ = {
			isa = PBXGroup;
			children = (
				5033B3082651C875002810FD /* Views */,
				50FE66D626517FA4003B0B90 /* mock-data */,
				5095B4DA24C392E700A4483C /* AppDelegate.swift */,
				5095B4DC24C392E700A4483C /* ContentView.swift */,
				5095B4E124C392ED00A4483C /* Assets.xcassets */,
				5095B4E624C392ED00A4483C /* Main.storyboard */,
				5095B4E924C392ED00A4483C /* Info.plist */,
				5095B4EA24C392ED00A4483C /* barber.entitlements */,
				5095B4DE24C392E700A4483C /* barber.xcdatamodeld */,
				5095B4E324C392ED00A4483C /* Preview Content */,
				50FE66D926517FD4003B0B90 /* Homebrew.swift */,
			);
			path = barber;
			sourceTree = "<group>";
		};
		5095B4E324C392ED00A4483C /* Preview Content */ = {
			isa = PBXGroup;
			children = (
				5095B4E424C392ED00A4483C /* Preview Assets.xcassets */,
			);
			path = "Preview Content";
			sourceTree = "<group>";
		};
/* End PBXGroup section */

/* Begin PBXNativeTarget section */
		5095B4D624C392E700A4483C /* barber */ = {
			isa = PBXNativeTarget;
			buildConfigurationList = 5095B4ED24C392ED00A4483C /* Build configuration list for PBXNativeTarget "barber" */;
			buildPhases = (
				5095B4D324C392E700A4483C /* Sources */,
				5095B4D424C392E700A4483C /* Frameworks */,
				5095B4D524C392E700A4483C /* Resources */,
			);
			buildRules = (
			);
			dependencies = (
			);
			name = barber;
			packageProductDependencies = (
			);
			productName = barber;
			productReference = 5095B4D724C392E700A4483C /* barber.app */;
			productType = "com.apple.product-type.application";
		};
/* End PBXNativeTarget section */

/* Begin PBXProject section */
		5095B4CF24C392E700A4483C /* Project object */ = {
			isa = PBXProject;
			attributes = {
				LastSwiftUpdateCheck = 1140;
				LastUpgradeCheck = 1240;
				ORGANIZATIONNAME = "Max Ainatchi, Inc";
				TargetAttributes = {
					5095B4D624C392E700A4483C = {
						CreatedOnToolsVersion = 11.4.1;
					};
				};
			};
			buildConfigurationList = 5095B4D224C392E700A4483C /* Build configuration list for PBXProject "barber" */;
			compatibilityVersion = "Xcode 9.3";
			developmentRegion = en;
			hasScannedForEncodings = 0;
			knownRegions = (
				en,
				Base,
			);
			mainGroup = 5095B4CE24C392E700A4483C;
			packageReferences = (
			);
			productRefGroup = 5095B4D824C392E700A4483C /* Products */;
			projectDirPath = "";
			projectRoot = "";
			targets = (
				5095B4D624C392E700A4483C /* barber */,
			);
		};
/* End PBXProject section */

/* Begin PBXResourcesBuildPhase section */
		5095B4D524C392E700A4483C /* Resources */ = {
			isa = PBXResourcesBuildPhase;
			buildActionMask = 2147483647;
			files = (
				5095B4E824C392ED00A4483C /* Main.storyboard in Resources */,
				5095B4E524C392ED00A4483C /* Preview Assets.xcassets in Resources */,
				50FE66D726517FA4003B0B90 /* mock-data in Resources */,
				5095B4E224C392ED00A4483C /* Assets.xcassets in Resources */,
			);
			runOnlyForDeploymentPostprocessing = 0;
		};
/* End PBXResourcesBuildPhase section */

/* Begin PBXSourcesBuildPhase section */
		5095B4D324C392E700A4483C /* Sources */ = {
			isa = PBXSourcesBuildPhase;
			buildActionMask = 2147483647;
			files = (
				5095B4DD24C392E700A4483C /* ContentView.swift in Sources */,
				5095B4DB24C392E700A4483C /* AppDelegate.swift in Sources */,
				50FE66DD2651863A003B0B90 /* OutdatedView.swift in Sources */,
				50FE66DA26517FD4003B0B90 /* Homebrew.swift in Sources */,
				5095B4E024C392E700A4483C /* barber.xcdatamodeld in Sources */,
			);
			runOnlyForDeploymentPostprocessing = 0;
		};
/* End PBXSourcesBuildPhase section */

/* Begin PBXVariantGroup section */
		5095B4E624C392ED00A4483C /* Main.storyboard */ = {
			isa = PBXVariantGroup;
			children = (
				5095B4E724C392ED00A4483C /* Base */,
			);
			name = Main.storyboard;
			sourceTree = "<group>";
		};
/* End PBXVariantGroup section */

/* Begin XCBuildConfiguration section */
		5095B4EB24C392ED00A4483C /* Debug */ = {
			isa = XCBuildConfiguration;
			buildSettings = {
				ALWAYS_SEARCH_USER_PATHS = NO;
				CLANG_ANALYZER_NONNULL = YES;
				CLANG_ANALYZER_NUMBER_OBJECT_CONVERSION = YES_AGGRESSIVE;
				CLANG_CXX_LANGUAGE_STANDARD = "gnu++14";
				CLANG_CXX_LIBRARY = "libc++";
				CLANG_ENABLE_MODULES = YES;
				CLANG_ENABLE_OBJC_ARC = YES;
				CLANG_ENABLE_OBJC_WEAK = YES;
				CLANG_WARN_BLOCK_CAPTURE_AUTORELEASING = YES;
				CLANG_WARN_BOOL_CONVERSION = YES;
				CLANG_WARN_COMMA = YES;
				CLANG_WARN_CONSTANT_CONVERSION = YES;
				CLANG_WARN_DEPRECATED_OBJC_IMPLEMENTATIONS = YES;
				CLANG_WARN_DIRECT_OBJC_ISA_USAGE = YES_ERROR;
				CLANG_WARN_DOCUMENTATION_COMMENTS = YES;
				CLANG_WARN_EMPTY_BODY = YES;
				CLANG_WARN_ENUM_CONVERSION = YES;
				CLANG_WARN_INFINITE_RECURSION = YES;
				CLANG_WARN_INT_CONVERSION = YES;
				CLANG_WARN_NON_LITERAL_NULL_CONVERSION = YES;
				CLANG_WARN_OBJC_IMPLICIT_RETAIN_SELF = YES;
				CLANG_WARN_OBJC_LITERAL_CONVERSION = YES;
				CLANG_WARN_OBJC_ROOT_CLASS = YES_ERROR;
				CLANG_WARN_QUOTED_INCLUDE_IN_FRAMEWORK_HEADER = YES;
				CLANG_WARN_RANGE_LOOP_ANALYSIS = YES;
				CLANG_WARN_STRICT_PROTOTYPES = YES;
				CLANG_WARN_SUSPICIOUS_MOVE = YES;
				CLANG_WARN_UNGUARDED_AVAILABILITY = YES_AGGRESSIVE;
				CLANG_WARN_UNREACHABLE_CODE = YES;
				CLANG_WARN__DUPLICATE_METHOD_MATCH = YES;
				COPY_PHASE_STRIP = NO;
				DEBUG_INFORMATION_FORMAT = dwarf;
				ENABLE_STRICT_OBJC_MSGSEND = YES;
				ENABLE_TESTABILITY = YES;
				GCC_C_LANGUAGE_STANDARD = gnu11;
				GCC_DYNAMIC_NO_PIC = NO;
				GCC_NO_COMMON_BLOCKS = YES;
				GCC_OPTIMIZATION_LEVEL = 0;
				GCC_PREPROCESSOR_DEFINITIONS = (
					"DEBUG=1",
					"$(inherited)",
				);
				GCC_WARN_64_TO_32_BIT_CONVERSION = YES;
				GCC_WARN_ABOUT_RETURN_TYPE = YES_ERROR;
				GCC_WARN_UNDECLARED_SELECTOR = YES;
				GCC_WARN_UNINITIALIZED_AUTOS = YES_AGGRESSIVE;
				GCC_WARN_UNUSED_FUNCTION = YES;
				GCC_WARN_UNUSED_VARIABLE = YES;
				MACOSX_DEPLOYMENT_TARGET = 10.15;
				MTL_ENABLE_DEBUG_INFO = INCLUDE_SOURCE;
				MTL_FAST_MATH = YES;
				ONLY_ACTIVE_ARCH = YES;
				SDKROOT = macosx;
				SWIFT_ACTIVE_COMPILATION_CONDITIONS = DEBUG;
				SWIFT_OPTIMIZATION_LEVEL = "-Onone";
			};
			name = Debug;
		};
		5095B4EC24C392ED00A4483C /* Release */ = {
			isa = XCBuildConfiguration;
			buildSettings = {
				ALWAYS_SEARCH_USER_PATHS = NO;
				CLANG_ANALYZER_NONNULL = YES;
				CLANG_ANALYZER_NUMBER_OBJECT_CONVERSION = YES_AGGRESSIVE;
				CLANG_CXX_LANGUAGE_STANDARD = "gnu++14";
				CLANG_CXX_LIBRARY = "libc++";
				CLANG_ENABLE_MODULES = YES;
				CLANG_ENABLE_OBJC_ARC = YES;
				CLANG_ENABLE_OBJC_WEAK = YES;
				CLANG_WARN_BLOCK_CAPTURE_AUTORELEASING = YES;
				CLANG_WARN_BOOL_CONVERSION = YES;
				CLANG_WARN_COMMA = YES;
				CLANG_WARN_CONSTANT_CONVERSION = YES;
				CLANG_WARN_DEPRECATED_OBJC_IMPLEMENTATIONS = YES;
				CLANG_WARN_DIRECT_OBJC_ISA_USAGE = YES_ERROR;
				CLANG_WARN_DOCUMENTATION_COMMENTS = YES;
				CLANG_WARN_EMPTY_BODY = YES;
				CLANG_WARN_ENUM_CONVERSION = YES;
				CLANG_WARN_INFINITE_RECURSION = YES;
				CLANG_WARN_INT_CONVERSION = YES;
				CLANG_WARN_NON_LITERAL_NULL_CONVERSION = YES;
				CLANG_WARN_OBJC_IMPLICIT_RETAIN_SELF = YES;
				CLANG_WARN_OBJC_LITERAL_CONVERSION = YES;
				CLANG_WARN_OBJC_ROOT_CLASS = YES_ERROR;
				CLANG_WARN_QUOTED_INCLUDE_IN_FRAMEWORK_HEADER = YES;
				CLANG_WARN_RANGE_LOOP_ANALYSIS = YES;
				CLANG_WARN_STRICT_PROTOTYPES = YES;
				CLANG_WARN_SUSPICIOUS_MOVE = YES;
				CLANG_WARN_UNGUARDED_AVAILABILITY = YES_AGGRESSIVE;
				CLANG_WARN_UNREACHABLE_CODE = YES;
				CLANG_WARN__DUPLICATE_METHOD_MATCH = YES;
				COPY_PHASE_STRIP = NO;
				DEBUG_INFORMATION_FORMAT = "dwarf-with-dsym";
				ENABLE_NS_ASSERTIONS = NO;
				ENABLE_STRICT_OBJC_MSGSEND = YES;
				GCC_C_LANGUAGE_STANDARD = gnu11;
				GCC_NO_COMMON_BLOCKS = YES;
				GCC_WARN_64_TO_32_BIT_CONVERSION = YES;
				GCC_WARN_ABOUT_RETURN_TYPE = YES_ERROR;
				GCC_WARN_UNDECLARED_SELECTOR = YES;
				GCC_WARN_UNINITIALIZED_AUTOS = YES_AGGRESSIVE;
				GCC_WARN_UNUSED_FUNCTION = YES;
				GCC_WARN_UNUSED_VARIABLE = YES;
				MACOSX_DEPLOYMENT_TARGET = 10.15;
				MTL_ENABLE_DEBUG_INFO = NO;
				MTL_FAST_MATH = YES;
				SDKROOT = macosx;
				SWIFT_COMPILATION_MODE = wholemodule;
				SWIFT_OPTIMIZATION_LEVEL = "-O";
			};
			name = Release;
		};
		5095B4EE24C392ED00A4483C /* Debug */ = {
			isa = XCBuildConfiguration;
			buildSettings = {
				ASSETCATALOG_COMPILER_APPICON_NAME = AppIcon;
				CODE_SIGN_ENTITLEMENTS = barber/barber.entitlements;
				CODE_SIGN_IDENTITY = "-";
				CODE_SIGN_STYLE = Automatic;
				COMBINE_HIDPI_IMAGES = YES;
				DEVELOPMENT_ASSET_PATHS = "\"barber/Preview Content\"";
				DEVELOPMENT_TEAM = 2338K87G7Y;
				ENABLE_HARDENED_RUNTIME = YES;
				ENABLE_PREVIEWS = YES;
				INFOPLIST_FILE = barber/Info.plist;
				LD_RUNPATH_SEARCH_PATHS = (
					"$(inherited)",
					"@executable_path/../Frameworks",
				);
				MACOSX_DEPLOYMENT_TARGET = 10.15;
				PRODUCT_BUNDLE_IDENTIFIER = com.maxainatchi.barber;
				PRODUCT_NAME = "$(TARGET_NAME)";
				SWIFT_VERSION = 5.0;
			};
			name = Debug;
		};
		5095B4EF24C392ED00A4483C /* Release */ = {
			isa = XCBuildConfiguration;
			buildSettings = {
				ASSETCATALOG_COMPILER_APPICON_NAME = AppIcon;
				CODE_SIGN_ENTITLEMENTS = barber/barber.entitlements;
				CODE_SIGN_IDENTITY = "-";
				CODE_SIGN_STYLE = Automatic;
				COMBINE_HIDPI_IMAGES = YES;
				DEVELOPMENT_ASSET_PATHS = "\"barber/Preview Content\"";
				DEVELOPMENT_TEAM = 2338K87G7Y;
				ENABLE_HARDENED_RUNTIME = YES;
				ENABLE_PREVIEWS = YES;
				INFOPLIST_FILE = barber/Info.plist;
				LD_RUNPATH_SEARCH_PATHS = (
					"$(inherited)",
					"@executable_path/../Frameworks",
				);
				MACOSX_DEPLOYMENT_TARGET = 10.15;
				PRODUCT_BUNDLE_IDENTIFIER = com.maxainatchi.barber;
				PRODUCT_NAME = "$(TARGET_NAME)";
				SWIFT_VERSION = 5.0;
			};
			name = Release;
		};
/* End XCBuildConfiguration section */

/* Begin XCConfigurationList section */
		5095B4D224C392E700A4483C /* Build configuration list for PBXProject "barber" */ = {
			isa = XCConfigurationList;
			buildConfigurations = (
				5095B4EB24C392ED00A4483C /* Debug */,
				5095B4EC24C392ED00A4483C /* Release */,
			);
			defaultConfigurationIsVisible = 0;
			defaultConfigurationName = Release;
		};
		5095B4ED24C392ED00A4483C /* Build configuration list for PBXNativeTarget "barber" */ = {
			isa = XCConfigurationList;
			buildConfigurations = (
				5095B4EE24C392ED00A4483C /* Debug */,
				5095B4EF24C392ED00A4483C /* Release */,
			);
			defaultConfigurationIsVisible = 0;
			defaultConfigurationName = Release;
		};
/* End XCConfigurationList section */

/* Begin XCVersionGroup section */
		5095B4DE24C392E700A4483C /* barber.xcdatamodeld */ = {
			isa = XCVersionGroup;
			children = (
				5095B4DF24C392E700A4483C /* barber.xcdatamodel */,
			);
			currentVersion = 5095B4DF24C392E700A4483C /* barber.xcdatamodel */;
			path = barber.xcdatamodeld;
			sourceTree = "<group>";
			versionGroupType = wrapper.xcdatamodel;
		};
/* End XCVersionGroup section */
	};
	rootObject = 5095B4CF24C392E700A4483C /* Project object */;
}
